github.com/pulumi/pulumi-terraform-bridge/v3 v3.28.1/go.mod h1:vJGI7DS84/eqsOjn1lOml/PpnYqO/f+2PQSf0X/VLyw=
github.com/pulumi/pulumi/sdk/v3 v3.38.0/go.mod h1:3/6Fr/c01n7Hw7mtAlO7X8WMBgLP5AVTyYe4CRfJQc4=
github.com/rockset/terraform-provider-rockset v0.7.2/go.mod h1:hIS744xYsZwM8Hy4BEY/LMKhxWxJaFLf6PK4VY5TcUs=
